
Microsoft Visual Studio Solution File, Format Version 12.00
# Visual Studio 15
VisualStudioVersion = 15.0.28307.2092
MinimumVisualStudioVersion = 10.0.40219.1
Project("{8BC9CEB8-8B4A-11D0-8D11-00A0C91BC942}") = "Lab3_2(part2)", "Lab3_2(part2)\Lab3_2(part2).vcxproj", "{E987E931-7500-4D06-84BE-BAD227E063AE}"
EndProject
Global
	GlobalSection(SolutionConfigurationPlatforms) = preSolution
		Debug|x64 = Debug|x64
		Debug|x86 = Debug|x86
		Release|x64 = Release|x64
		Release|x86 = Release|x86
	EndGlobalSection
	GlobalSection(ProjectConfigurationPlatforms) = postSolution
		{E987E931-7500-4D06-84BE-BAD227E063AE}.Debug|x64.ActiveCfg = Debug|x64
		{E987E931-7500-4D06-84BE-BAD227E063AE}.Debug|x64.Build.0 = Debug|x64
		{E987E931-7500-4D06-84BE-BAD227E063AE}.Debug|x86.ActiveCfg = Debug|Win32
		{E987E931-7500-4D06-84BE-BAD227E063AE}.Debug|x86.Build.0 = Debug|Win32
		{E987E931-7500-4D06-84BE-BAD227E063AE}.Release|x64.ActiveCfg = Release|x64
		{E987E931-7500-4D06-84BE-BAD227E063AE}.Release|x64.Build.0 = Release|x64
		{E987E931-7500-4D06-84BE-BAD227E063AE}.Release|x86.ActiveCfg = Release|Win32
		{E987E931-7500-4D06-84BE-BAD227E063AE}.Release|x86.Build.0 = Release|Win32
	EndGlobalSection
	GlobalSection(SolutionProperties) = preSolution
		HideSolutionNode = FALSE
	EndGlobalSection
	GlobalSection(ExtensibilityGlobals) = postSolution
		SolutionGuid = {F0FE5039-A044-423D-81A3-AA993AF69465}
	EndGlobalSection
EndGlobal
